// !$*UTF8*$!
{
	archiveVersion = 1;
	classes = {
	};
	objectVersion = 50;
	objects = {

/* Begin PBXBuildFile section */
		F506A04C251C222E003753C0 /* Montserrat-Bold.ttf in Resources */ = {isa = PBXBuildFile; fileRef = F506A047251C1DDB003753C0 /* Montserrat-Bold.ttf */; };
		F506A04E251C2231003753C0 /* Montserrat-Regular.ttf in Resources */ = {isa = PBXBuildFile; fileRef = F55EA8FB251BF9FE008BE65E /* Montserrat-Regular.ttf */; };
		F506A05A251C2A77003753C0 /* CustomButton.swift in Sources */ = {isa = PBXBuildFile; fileRef = F506A059251C2A77003753C0 /* CustomButton.swift */; };
		F506A05F251C3078003753C0 /* LoginRequest.swift in Sources */ = {isa = PBXBuildFile; fileRef = F506A05E251C3078003753C0 /* LoginRequest.swift */; };
		F506A062251C3321003753C0 /* Cliente.swift in Sources */ = {isa = PBXBuildFile; fileRef = F506A061251C3321003753C0 /* Cliente.swift */; };
		F506A067251C35A6003753C0 /* SessionResponse.swift in Sources */ = {isa = PBXBuildFile; fileRef = F506A066251C35A6003753C0 /* SessionResponse.swift */; };
		F506A06A251C3928003753C0 /* ErrorResponse.swift in Sources */ = {isa = PBXBuildFile; fileRef = F506A069251C3928003753C0 /* ErrorResponse.swift */; };
		F51802A0251CC3B300A09A41 /* StudentLocation.swift in Sources */ = {isa = PBXBuildFile; fileRef = F518029F251CC3B300A09A41 /* StudentLocation.swift */; };
		F51802A3251CC52400A09A41 /* StudentInformation.swift in Sources */ = {isa = PBXBuildFile; fileRef = F51802A2251CC52400A09A41 /* StudentInformation.swift */; };
		F51802A6251CC66500A09A41 /* MapViewController.swift in Sources */ = {isa = PBXBuildFile; fileRef = F51802A5251CC66500A09A41 /* MapViewController.swift */; };
		F51802A9251CDED100A09A41 /* TabBarController.swift in Sources */ = {isa = PBXBuildFile; fileRef = F51802A8251CDED100A09A41 /* TabBarController.swift */; };
		F51802AC251CDFA100A09A41 /* TableViewController.swift in Sources */ = {isa = PBXBuildFile; fileRef = F51802AB251CDFA100A09A41 /* TableViewController.swift */; };
		F51802B1251CF9F600A09A41 /* StudentInformationModel.swift in Sources */ = {isa = PBXBuildFile; fileRef = F51802B0251CF9F600A09A41 /* StudentInformationModel.swift */; };
		F51802B5251D4F6E00A09A41 /* UIViewController+Extension.swift in Sources */ = {isa = PBXBuildFile; fileRef = F51802B4251D4F6E00A09A41 /* UIViewController+Extension.swift */; };
		F51802B8251D5B5000A09A41 /* AddLocationViewController.swift in Sources */ = {isa = PBXBuildFile; fileRef = F51802B7251D5B5000A09A41 /* AddLocationViewController.swift */; };
		F55EA8E1251BECEE008BE65E /* AppDelegate.swift in Sources */ = {isa = PBXBuildFile; fileRef = F55EA8E0251BECEE008BE65E /* AppDelegate.swift */; };
		F55EA8E3251BECEE008BE65E /* SceneDelegate.swift in Sources */ = {isa = PBXBuildFile; fileRef = F55EA8E2251BECEE008BE65E /* SceneDelegate.swift */; };
		F55EA8E5251BECEE008BE65E /* LoginController.swift in Sources */ = {isa = PBXBuildFile; fileRef = F55EA8E4251BECEE008BE65E /* LoginController.swift */; };
		F55EA8E8251BECEE008BE65E /* Main.storyboard in Resources */ = {isa = PBXBuildFile; fileRef = F55EA8E6251BECEE008BE65E /* Main.storyboard */; };
		F55EA8EA251BECEF008BE65E /* Assets.xcassets in Resources */ = {isa = PBXBuildFile; fileRef = F55EA8E9251BECEF008BE65E /* Assets.xcassets */; };
		F55EA8ED251BECEF008BE65E /* LaunchScreen.storyboard in Resources */ = {isa = PBXBuildFile; fileRef = F55EA8EB251BECEF008BE65E /* LaunchScreen.storyboard */; };
		F55EA902251C0867008BE65E /* Colors.xcassets in Resources */ = {isa = PBXBuildFile; fileRef = F55EA901251C0867008BE65E /* Colors.xcassets */; };
		F58CADCC25200409001C0367 /* ConfirmLocationViewController.swift in Sources */ = {isa = PBXBuildFile; fileRef = F58CADCB25200409001C0367 /* ConfirmLocationViewController.swift */; };
		F5D3CD3D251E097A005206B0 /* UserDataResponse.swift in Sources */ = {isa = PBXBuildFile; fileRef = F5D3CD3C251E097A005206B0 /* UserDataResponse.swift */; };
		F5D3CD40251E72E6005206B0 /* StudentLocationPostResponse.swift in Sources */ = {isa = PBXBuildFile; fileRef = F5D3CD3F251E72E6005206B0 /* StudentLocationPostResponse.swift */; };
/* End PBXBuildFile section */

/* Begin PBXFileReference section */
		F506A047251C1DDB003753C0 /* Montserrat-Bold.ttf */ = {isa = PBXFileReference; lastKnownFileType = file; path = "Montserrat-Bold.ttf"; sourceTree = "<group>"; };
		F506A059251C2A77003753C0 /* CustomButton.swift */ = {isa = PBXFileReference; lastKnownFileType = sourcecode.swift; path = CustomButton.swift; sourceTree = "<group>"; };
		F506A05E251C3078003753C0 /* LoginRequest.swift */ = {isa = PBXFileReference; lastKnownFileType = sourcecode.swift; path = LoginRequest.swift; sourceTree = "<group>"; };
		F506A061251C3321003753C0 /* Cliente.swift */ = {isa = PBXFileReference; lastKnownFileType = sourcecode.swift; path = Cliente.swift; sourceTree = "<group>"; };
		F506A066251C35A6003753C0 /* SessionResponse.swift */ = {isa = PBXFileReference; lastKnownFileType = sourcecode.swift; path = SessionResponse.swift; sourceTree = "<group>"; };
		F506A069251C3928003753C0 /* ErrorResponse.swift */ = {isa = PBXFileReference; lastKnownFileType = sourcecode.swift; path = ErrorResponse.swift; sourceTree = "<group>"; };
		F518029F251CC3B300A09A41 /* StudentLocation.swift */ = {isa = PBXFileReference; lastKnownFileType = sourcecode.swift; path = StudentLocation.swift; sourceTree = "<group>"; };
		F51802A2251CC52400A09A41 /* StudentInformation.swift */ = {isa = PBXFileReference; lastKnownFileType = sourcecode.swift; path = StudentInformation.swift; sourceTree = "<group>"; };
		F51802A5251CC66500A09A41 /* MapViewController.swift */ = {isa = PBXFileReference; lastKnownFileType = sourcecode.swift; path = MapViewController.swift; sourceTree = "<group>"; };
		F51802A8251CDED100A09A41 /* TabBarController.swift */ = {isa = PBXFileReference; lastKnownFileType = sourcecode.swift; path = TabBarController.swift; sourceTree = "<group>"; };
		F51802AB251CDFA100A09A41 /* TableViewController.swift */ = {isa = PBXFileReference; lastKnownFileType = sourcecode.swift; path = TableViewController.swift; sourceTree = "<group>"; };
		F51802B0251CF9F600A09A41 /* StudentInformationModel.swift */ = {isa = PBXFileReference; lastKnownFileType = sourcecode.swift; path = StudentInformationModel.swift; sourceTree = "<group>"; };
		F51802B4251D4F6E00A09A41 /* UIViewController+Extension.swift */ = {isa = PBXFileReference; lastKnownFileType = sourcecode.swift; path = "UIViewController+Extension.swift"; sourceTree = "<group>"; };
		F51802B7251D5B5000A09A41 /* AddLocationViewController.swift */ = {isa = PBXFileReference; lastKnownFileType = sourcecode.swift; path = AddLocationViewController.swift; sourceTree = "<group>"; };
		F55EA8DD251BECEE008BE65E /* On the Map.app */ = {isa = PBXFileReference; explicitFileType = wrapper.application; includeInIndex = 0; path = "On the Map.app"; sourceTree = BUILT_PRODUCTS_DIR; };
		F55EA8E0251BECEE008BE65E /* AppDelegate.swift */ = {isa = PBXFileReference; lastKnownFileType = sourcecode.swift; path = AppDelegate.swift; sourceTree = "<group>"; };
		F55EA8E2251BECEE008BE65E /* SceneDelegate.swift */ = {isa = PBXFileReference; lastKnownFileType = sourcecode.swift; path = SceneDelegate.swift; sourceTree = "<group>"; };
		F55EA8E4251BECEE008BE65E /* LoginController.swift */ = {isa = PBXFileReference; lastKnownFileType = sourcecode.swift; path = LoginController.swift; sourceTree = "<group>"; };
		F55EA8E7251BECEE008BE65E /* Base */ = {isa = PBXFileReference; lastKnownFileType = file.storyboard; name = Base; path = Base.lproj/Main.storyboard; sourceTree = "<group>"; };
		F55EA8E9251BECEF008BE65E /* Assets.xcassets */ = {isa = PBXFileReference; lastKnownFileType = folder.assetcatalog; path = Assets.xcassets; sourceTree = "<group>"; };
		F55EA8EC251BECEF008BE65E /* Base */ = {isa = PBXFileReference; lastKnownFileType = file.storyboard; name = Base; path = Base.lproj/LaunchScreen.storyboard; sourceTree = "<group>"; };
		F55EA8EE251BECEF008BE65E /* Info.plist */ = {isa = PBXFileReference; lastKnownFileType = text.plist.xml; path = Info.plist; sourceTree = "<group>"; };
		F55EA8FB251BF9FE008BE65E /* Montserrat-Regular.ttf */ = {isa = PBXFileReference; lastKnownFileType = file; path = "Montserrat-Regular.ttf"; sourceTree = "<group>"; };
		F55EA901251C0867008BE65E /* Colors.xcassets */ = {isa = PBXFileReference; lastKnownFileType = folder.assetcatalog; path = Colors.xcassets; sourceTree = "<group>"; };
		F58CADCB25200409001C0367 /* ConfirmLocationViewController.swift */ = {isa = PBXFileReference; lastKnownFileType = sourcecode.swift; path = ConfirmLocationViewController.swift; sourceTree = "<group>"; };
		F5D3CD3C251E097A005206B0 /* UserDataResponse.swift */ = {isa = PBXFileReference; lastKnownFileType = sourcecode.swift; path = UserDataResponse.swift; sourceTree = "<group>"; };
		F5D3CD3F251E72E6005206B0 /* StudentLocationPostResponse.swift */ = {isa = PBXFileReference; lastKnownFileType = sourcecode.swift; path = StudentLocationPostResponse.swift; sourceTree = "<group>"; };
/* End PBXFileReference section */

/* Begin PBXFrameworksBuildPhase section */
		F55EA8DA251BECEE008BE65E /* Frameworks */ = {
			isa = PBXFrameworksBuildPhase;
			buildActionMask = 2147483647;
			files = (
			);
			runOnlyForDeploymentPostprocessing = 0;
		};
/* End PBXFrameworksBuildPhase section */

/* Begin PBXGroup section */
		F506A058251C2A6A003753C0 /* View */ = {
			isa = PBXGroup;
			children = (
				F506A059251C2A77003753C0 /* CustomButton.swift */,
			);
			path = View;
			sourceTree = "<group>";
		};
		F506A064251C357B003753C0 /* Request */ = {
			isa = PBXGroup;
			children = (
				F506A05E251C3078003753C0 /* LoginRequest.swift */,
			);
			path = Request;
			sourceTree = "<group>";
		};
		F506A065251C358C003753C0 /* Response */ = {
			isa = PBXGroup;
			children = (
				F506A066251C35A6003753C0 /* SessionResponse.swift */,
				F506A069251C3928003753C0 /* ErrorResponse.swift */,
				F518029F251CC3B300A09A41 /* StudentLocation.swift */,
				F51802A2251CC52400A09A41 /* StudentInformation.swift */,
				F5D3CD3C251E097A005206B0 /* UserDataResponse.swift */,
				F5D3CD3F251E72E6005206B0 /* StudentLocationPostResponse.swift */,
			);
			path = Response;
			sourceTree = "<group>";
		};
		F51802AF251CF9E300A09A41 /* Data */ = {
			isa = PBXGroup;
			children = (
				F51802B0251CF9F600A09A41 /* StudentInformationModel.swift */,
			);
			path = Data;
			sourceTree = "<group>";
		};
		F55EA8D4251BECEE008BE65E = {
			isa = PBXGroup;
			children = (
				F55EA8DF251BECEE008BE65E /* On the Map */,
				F55EA8DE251BECEE008BE65E /* Products */,
			);
			sourceTree = "<group>";
		};
		F55EA8DE251BECEE008BE65E /* Products */ = {
			isa = PBXGroup;
			children = (
				F55EA8DD251BECEE008BE65E /* On the Map.app */,
			);
			name = Products;
			sourceTree = "<group>";
		};
		F55EA8DF251BECEE008BE65E /* On the Map */ = {
			isa = PBXGroup;
			children = (
				F55EA8EE251BECEF008BE65E /* Info.plist */,
				F55EA8E0251BECEE008BE65E /* AppDelegate.swift */,
				F55EA8E2251BECEE008BE65E /* SceneDelegate.swift */,
				F55EA8F9251BEF65008BE65E /* Model */,
				F506A058251C2A6A003753C0 /* View */,
				F55EA8F7251BEF5A008BE65E /* Controller */,
				F55EA8F6251BEF3E008BE65E /* Assets */,
			);
			path = "On the Map";
			sourceTree = "<group>";
		};
		F55EA8F6251BEF3E008BE65E /* Assets */ = {
			isa = PBXGroup;
			children = (
				F55EA8FC251BFA03008BE65E /* fonts */,
				F55EA8E6251BECEE008BE65E /* Main.storyboard */,
				F55EA8E9251BECEF008BE65E /* Assets.xcassets */,
				F55EA8EB251BECEF008BE65E /* LaunchScreen.storyboard */,
				F55EA901251C0867008BE65E /* Colors.xcassets */,
			);
			path = Assets;
			sourceTree = "<group>";
		};
		F55EA8F7251BEF5A008BE65E /* Controller */ = {
			isa = PBXGroup;
			children = (
				F55EA8E4251BECEE008BE65E /* LoginController.swift */,
				F51802A5251CC66500A09A41 /* MapViewController.swift */,
				F51802AB251CDFA100A09A41 /* TableViewController.swift */,
				F51802A8251CDED100A09A41 /* TabBarController.swift */,
				F51802B4251D4F6E00A09A41 /* UIViewController+Extension.swift */,
				F51802B7251D5B5000A09A41 /* AddLocationViewController.swift */,
				F58CADCB25200409001C0367 /* ConfirmLocationViewController.swift */,
			);
			path = Controller;
			sourceTree = "<group>";
		};
		F55EA8F9251BEF65008BE65E /* Model */ = {
			isa = PBXGroup;
			children = (
				F51802AF251CF9E300A09A41 /* Data */,
				F506A065251C358C003753C0 /* Response */,
				F506A064251C357B003753C0 /* Request */,
				F506A061251C3321003753C0 /* Cliente.swift */,
			);
			path = Model;
			sourceTree = "<group>";
		};
		F55EA8FC251BFA03008BE65E /* fonts */ = {
			isa = PBXGroup;
			children = (
				F55EA8FB251BF9FE008BE65E /* Montserrat-Regular.ttf */,
				F506A047251C1DDB003753C0 /* Montserrat-Bold.ttf */,
			);
			path = fonts;
			sourceTree = "<group>";
		};
/* End PBXGroup section */

/* Begin PBXNativeTarget section */
		F55EA8DC251BECEE008BE65E /* On the Map */ = {
			isa = PBXNativeTarget;
			buildConfigurationList = F55EA8F1251BECEF008BE65E /* Build configuration list for PBXNativeTarget "On the Map" */;
			buildPhases = (
				F55EA8D9251BECEE008BE65E /* Sources */,
				F55EA8DA251BECEE008BE65E /* Frameworks */,
				F55EA8DB251BECEE008BE65E /* Resources */,
			);
			buildRules = (
			);
			dependencies = (
			);
			name = "On the Map";
			productName = "On the Map";
			productReference = F55EA8DD251BECEE008BE65E /* On the Map.app */;
			productType = "com.apple.product-type.application";
		};
/* End PBXNativeTarget section */

/* Begin PBXProject section */
		F55EA8D5251BECEE008BE65E /* Project object */ = {
			isa = PBXProject;
			attributes = {
				LastSwiftUpdateCheck = 1200;
				LastUpgradeCheck = 1200;
				TargetAttributes = {
					F55EA8DC251BECEE008BE65E = {
						CreatedOnToolsVersion = 12.0;
					};
				};
			};
			buildConfigurationList = F55EA8D8251BECEE008BE65E /* Build configuration list for PBXProject "On the Map" */;
			compatibilityVersion = "Xcode 9.3";
			developmentRegion = en;
			hasScannedForEncodings = 0;
			knownRegions = (
				en,
				Base,
			);
			mainGroup = F55EA8D4251BECEE008BE65E;
			productRefGroup = F55EA8DE251BECEE008BE65E /* Products */;
			projectDirPath = "";
			projectRoot = "";
			targets = (
				F55EA8DC251BECEE008BE65E /* On the Map */,
			);
		};
/* End PBXProject section */

/* Begin PBXResourcesBuildPhase section */
		F55EA8DB251BECEE008BE65E /* Resources */ = {
			isa = PBXResourcesBuildPhase;
			buildActionMask = 2147483647;
			files = (
				F55EA8ED251BECEF008BE65E /* LaunchScreen.storyboard in Resources */,
				F506A04E251C2231003753C0 /* Montserrat-Regular.ttf in Resources */,
				F506A04C251C222E003753C0 /* Montserrat-Bold.ttf in Resources */,
				F55EA902251C0867008BE65E /* Colors.xcassets in Resources */,
				F55EA8EA251BECEF008BE65E /* Assets.xcassets in Resources */,
				F55EA8E8251BECEE008BE65E /* Main.storyboard in Resources */,
			);
			runOnlyForDeploymentPostprocessing = 0;
		};
/* End PBXResourcesBuildPhase section */

/* Begin PBXSourcesBuildPhase section */
		F55EA8D9251BECEE008BE65E /* Sources */ = {
			isa = PBXSourcesBuildPhase;
			buildActionMask = 2147483647;
			files = (
				F51802A6251CC66500A09A41 /* MapViewController.swift in Sources */,
				F51802A0251CC3B300A09A41 /* StudentLocation.swift in Sources */,
				F51802B1251CF9F600A09A41 /* StudentInformationModel.swift in Sources */,
				F51802B5251D4F6E00A09A41 /* UIViewController+Extension.swift in Sources */,
				F51802AC251CDFA100A09A41 /* TableViewController.swift in Sources */,
				F58CADCC25200409001C0367 /* ConfirmLocationViewController.swift in Sources */,
				F55EA8E5251BECEE008BE65E /* LoginController.swift in Sources */,
				F506A05A251C2A77003753C0 /* CustomButton.swift in Sources */,
				F51802A3251CC52400A09A41 /* StudentInformation.swift in Sources */,
				F506A062251C3321003753C0 /* Cliente.swift in Sources */,
				F506A067251C35A6003753C0 /* SessionResponse.swift in Sources */,
				F55EA8E1251BECEE008BE65E /* AppDelegate.swift in Sources */,
				F51802B8251D5B5000A09A41 /* AddLocationViewController.swift in Sources */,
				F506A05F251C3078003753C0 /* LoginRequest.swift in Sources */,
				F5D3CD40251E72E6005206B0 /* StudentLocationPostResponse.swift in Sources */,
				F51802A9251CDED100A09A41 /* TabBarController.swift in Sources */,
				F5D3CD3D251E097A005206B0 /* UserDataResponse.swift in Sources */,
				F55EA8E3251BECEE008BE65E /* SceneDelegate.swift in Sources */,
				F506A06A251C3928003753C0 /* ErrorResponse.swift in Sources */,
			);
			runOnlyForDeploymentPostprocessing = 0;
		};
/* End PBXSourcesBuildPhase section */

/* Begin PBXVariantGroup section */
		F55EA8E6251BECEE008BE65E /* Main.storyboard */ = {
			isa = PBXVariantGroup;
			children = (
				F55EA8E7251BECEE008BE65E /* Base */,
			);
			name = Main.storyboard;
			sourceTree = "<group>";
		};
		F55EA8EB251BECEF008BE65E /* LaunchScreen.storyboard */ = {
			isa = PBXVariantGroup;
			children = (
				F55EA8EC251BECEF008BE65E /* Base */,
			);
			name = LaunchScreen.storyboard;
			sourceTree = "<group>";
		};
/* End PBXVariantGroup section */

/* Begin XCBuildConfiguration section */
		F55EA8EF251BECEF008BE65E /* Debug */ = {
			isa = XCBuildConfiguration;
			buildSettings = {
				ALWAYS_SEARCH_USER_PATHS = NO;
				CLANG_ANALYZER_NONNULL = YES;
				CLANG_ANALYZER_NUMBER_OBJECT_CONVERSION = YES_AGGRESSIVE;
				CLANG_CXX_LANGUAGE_STANDARD = "gnu++14";
				CLANG_CXX_LIBRARY = "libc++";
				CLANG_ENABLE_MODULES = YES;
				CLANG_ENABLE_OBJC_ARC = YES;
				CLANG_ENABLE_OBJC_WEAK = YES;
				CLANG_WARN_BLOCK_CAPTURE_AUTORELEASING = YES;
				CLANG_WARN_BOOL_CONVERSION = YES;
				CLANG_WARN_COMMA = YES;
				CLANG_WARN_CONSTANT_CONVERSION = YES;
				CLANG_WARN_DEPRECATED_OBJC_IMPLEMENTATIONS = YES;
				CLANG_WARN_DIRECT_OBJC_ISA_USAGE = YES_ERROR;
				CLANG_WARN_DOCUMENTATION_COMMENTS = YES;
				CLANG_WARN_EMPTY_BODY = YES;
				CLANG_WARN_ENUM_CONVERSION = YES;
				CLANG_WARN_INFINITE_RECURSION = YES;
				CLANG_WARN_INT_CONVERSION = YES;
				CLANG_WARN_NON_LITERAL_NULL_CONVERSION = YES;
				CLANG_WARN_OBJC_IMPLICIT_RETAIN_SELF = YES;
				CLANG_WARN_OBJC_LITERAL_CONVERSION = YES;
				CLANG_WARN_OBJC_ROOT_CLASS = YES_ERROR;
				CLANG_WARN_QUOTED_INCLUDE_IN_FRAMEWORK_HEADER = YES;
				CLANG_WARN_RANGE_LOOP_ANALYSIS = YES;
				CLANG_WARN_STRICT_PROTOTYPES = YES;
				CLANG_WARN_SUSPICIOUS_MOVE = YES;
				CLANG_WARN_UNGUARDED_AVAILABILITY = YES_AGGRESSIVE;
				CLANG_WARN_UNREACHABLE_CODE = YES;
				CLANG_WARN__DUPLICATE_METHOD_MATCH = YES;
				COPY_PHASE_STRIP = NO;
				DEBUG_INFORMATION_FORMAT = dwarf;
				ENABLE_STRICT_OBJC_MSGSEND = YES;
				ENABLE_TESTABILITY = YES;
				GCC_C_LANGUAGE_STANDARD = gnu11;
				GCC_DYNAMIC_NO_PIC = NO;
				GCC_NO_COMMON_BLOCKS = YES;
				GCC_OPTIMIZATION_LEVEL = 0;
				GCC_PREPROCESSOR_DEFINITIONS = (
					"DEBUG=1",
					"$(inherited)",
				);
				GCC_WARN_64_TO_32_BIT_CONVERSION = YES;
				GCC_WARN_ABOUT_RETURN_TYPE = YES_ERROR;
				GCC_WARN_UNDECLARED_SELECTOR = YES;
				GCC_WARN_UNINITIALIZED_AUTOS = YES_AGGRESSIVE;
				GCC_WARN_UNUSED_FUNCTION = YES;
				GCC_WARN_UNUSED_VARIABLE = YES;
				IPHONEOS_DEPLOYMENT_TARGET = 13.6;
				MTL_ENABLE_DEBUG_INFO = INCLUDE_SOURCE;
				MTL_FAST_MATH = YES;
				ONLY_ACTIVE_ARCH = YES;
				SDKROOT = iphoneos;
				SWIFT_ACTIVE_COMPILATION_CONDITIONS = DEBUG;
				SWIFT_OPTIMIZATION_LEVEL = "-Onone";
			};
			name = Debug;
		};
		F55EA8F0251BECEF008BE65E /* Release */ = {
			isa = XCBuildConfiguration;
			buildSettings = {
				ALWAYS_SEARCH_USER_PATHS = NO;
				CLANG_ANALYZER_NONNULL = YES;
				CLANG_ANALYZER_NUMBER_OBJECT_CONVERSION = YES_AGGRESSIVE;
				CLANG_CXX_LANGUAGE_STANDARD = "gnu++14";
				CLANG_CXX_LIBRARY = "libc++";
				CLANG_ENABLE_MODULES = YES;
				CLANG_ENABLE_OBJC_ARC = YES;
				CLANG_ENABLE_OBJC_WEAK = YES;
				CLANG_WARN_BLOCK_CAPTURE_AUTORELEASING = YES;
				CLANG_WARN_BOOL_CONVERSION = YES;
				CLANG_WARN_COMMA = YES;
				CLANG_WARN_CONSTANT_CONVERSION = YES;
				CLANG_WARN_DEPRECATED_OBJC_IMPLEMENTATIONS = YES;
				CLANG_WARN_DIRECT_OBJC_ISA_USAGE = YES_ERROR;
				CLANG_WARN_DOCUMENTATION_COMMENTS = YES;
				CLANG_WARN_EMPTY_BODY = YES;
				CLANG_WARN_ENUM_CONVERSION = YES;
				CLANG_WARN_INFINITE_RECURSION = YES;
				CLANG_WARN_INT_CONVERSION = YES;
				CLANG_WARN_NON_LITERAL_NULL_CONVERSION = YES;
				CLANG_WARN_OBJC_IMPLICIT_RETAIN_SELF = YES;
				CLANG_WARN_OBJC_LITERAL_CONVERSION = YES;
				CLANG_WARN_OBJC_ROOT_CLASS = YES_ERROR;
				CLANG_WARN_QUOTED_INCLUDE_IN_FRAMEWORK_HEADER = YES;
				CLANG_WARN_RANGE_LOOP_ANALYSIS = YES;
				CLANG_WARN_STRICT_PROTOTYPES = YES;
				CLANG_WARN_SUSPICIOUS_MOVE = YES;
				CLANG_WARN_UNGUARDED_AVAILABILITY = YES_AGGRESSIVE;
				CLANG_WARN_UNREACHABLE_CODE = YES;
				CLANG_WARN__DUPLICATE_METHOD_MATCH = YES;
				COPY_PHASE_STRIP = NO;
				DEBUG_INFORMATION_FORMAT = "dwarf-with-dsym";
				ENABLE_NS_ASSERTIONS = NO;
				ENABLE_STRICT_OBJC_MSGSEND = YES;
				GCC_C_LANGUAGE_STANDARD = gnu11;
				GCC_NO_COMMON_BLOCKS = YES;
				GCC_WARN_64_TO_32_BIT_CONVERSION = YES;
				GCC_WARN_ABOUT_RETURN_TYPE = YES_ERROR;
				GCC_WARN_UNDECLARED_SELECTOR = YES;
				GCC_WARN_UNINITIALIZED_AUTOS = YES_AGGRESSIVE;
				GCC_WARN_UNUSED_FUNCTION = YES;
				GCC_WARN_UNUSED_VARIABLE = YES;
				IPHONEOS_DEPLOYMENT_TARGET = 13.6;
				MTL_ENABLE_DEBUG_INFO = NO;
				MTL_FAST_MATH = YES;
				SDKROOT = iphoneos;
				SWIFT_COMPILATION_MODE = wholemodule;
				SWIFT_OPTIMIZATION_LEVEL = "-O";
				VALIDATE_PRODUCT = YES;
			};
			name = Release;
		};
		F55EA8F2251BECEF008BE65E /* Debug */ = {
			isa = XCBuildConfiguration;
			buildSettings = {
				ASSETCATALOG_COMPILER_APPICON_NAME = AppIcon;
				ASSETCATALOG_COMPILER_GLOBAL_ACCENT_COLOR_NAME = AccentColor;
				CODE_SIGN_STYLE = Automatic;
				DEVELOPMENT_TEAM = PSQSD4WLJ3;
				INFOPLIST_FILE = "On the Map/Info.plist";
				LD_RUNPATH_SEARCH_PATHS = (
					"$(inherited)",
					"@executable_path/Frameworks",
				);
				PRODUCT_BUNDLE_IDENTIFIER = com.diegulog.onthemap;
				PRODUCT_NAME = "$(TARGET_NAME)";
				SWIFT_VERSION = 5.0;
				TARGETED_DEVICE_FAMILY = "1,2";
			};
			name = Debug;
		};
		F55EA8F3251BECEF008BE65E /* Release */ = {
			isa = XCBuildConfiguration;
			buildSettings = {
				ASSETCATALOG_COMPILER_APPICON_NAME = AppIcon;
				ASSETCATALOG_COMPILER_GLOBAL_ACCENT_COLOR_NAME = AccentColor;
				CODE_SIGN_STYLE = Automatic;
				DEVELOPMENT_TEAM = PSQSD4WLJ3;
				INFOPLIST_FILE = "On the Map/Info.plist";
				LD_RUNPATH_SEARCH_PATHS = (
					"$(inherited)",
					"@executable_path/Frameworks",
				);
				PRODUCT_BUNDLE_IDENTIFIER = com.diegulog.onthemap;
				PRODUCT_NAME = "$(TARGET_NAME)";
				SWIFT_VERSION = 5.0;
				TARGETED_DEVICE_FAMILY = "1,2";
			};
			name = Release;
		};
/* End XCBuildConfiguration section */

/* Begin XCConfigurationList section */
		F55EA8D8251BECEE008BE65E /* Build configuration list for PBXProject "On the Map" */ = {
			isa = XCConfigurationList;
			buildConfigurations = (
				F55EA8EF251BECEF008BE65E /* Debug */,
				F55EA8F0251BECEF008BE65E /* Release */,
			);
			defaultConfigurationIsVisible = 0;
			defaultConfigurationName = Release;
		};
		F55EA8F1251BECEF008BE65E /* Build configuration list for PBXNativeTarget "On the Map" */ = {
			isa = XCConfigurationList;
			buildConfigurations = (
				F55EA8F2251BECEF008BE65E /* Debug */,
				F55EA8F3251BECEF008BE65E /* Release */,
			);
			defaultConfigurationIsVisible = 0;
			defaultConfigurationName = Release;
		};
/* End XCConfigurationList section */
	};
	rootObject = F55EA8D5251BECEE008BE65E /* Project object */;
}
